
Microsoft Visual Studio Solution File, Format Version 11.00
# Visual Studio 2010
Project("{8BC9CEB8-8B4A-11D0-8D11-00A0C91BC942}") = "tcp-skeleton-examples", "echo-2010.vcxproj", "{F5EF7423-38FD-4057-BFA7-3D466224402D}"
EndProject
Global
	GlobalSection(SolutionConfigurationPlatforms) = preSolution
		Debug|Win32 = Debug|Win32
		Release|Win32 = Release|Win32
	EndGlobalSection
	GlobalSection(ProjectConfigurationPlatforms) = postSolution
		{F5EF7423-38FD-4057-BFA7-3D466224402D}.Debug|Win32.ActiveCfg = Debug|Win32
		{F5EF7423-38FD-4057-BFA7-3D466224402D}.Debug|Win32.Build.0 = Debug|Win32
		{F5EF7423-38FD-4057-BFA7-3D466224402D}.Release|Win32.ActiveCfg = Release|Win32
		{F5EF7423-38FD-4057-BFA7-3D466224402D}.Release|Win32.Build.0 = Release|Win32
	EndGlobalSection
	GlobalSection(SolutionProperties) = preSolution
		HideSolutionNode = FALSE
	EndGlobalSection
EndGlobal
